// !$*UTF8*$!
{
	archiveVersion = 1;
	classes = {
	};
	objectVersion = 55;
	objects = {

/* Begin PBXBuildFile section */
		51889815CF740C3671C1A0D5 /* Pods_Instagram.framework in Frameworks */ = {isa = PBXBuildFile; fileRef = B705EB51DE3AAF53F69F2D05 /* Pods_Instagram.framework */; };
		9EC15D372820B676002D8525 /* Constants.swift in Sources */ = {isa = PBXBuildFile; fileRef = 9EC15D362820B676002D8525 /* Constants.swift */; };
		9EC15D3A2820D2E1002D8525 /* IGFeedPostTableViewCell.swift in Sources */ = {isa = PBXBuildFile; fileRef = 9EC15D392820D2E1002D8525 /* IGFeedPostTableViewCell.swift */; };
		9EC15D3D2820D406002D8525 /* IGFeedPostHeaderTableViewCell.swift in Sources */ = {isa = PBXBuildFile; fileRef = 9EC15D3C2820D406002D8525 /* IGFeedPostHeaderTableViewCell.swift */; };
		9EC15D3F2820D41E002D8525 /* IGFeedPostActionsTableViewCell.swift in Sources */ = {isa = PBXBuildFile; fileRef = 9EC15D3E2820D41E002D8525 /* IGFeedPostActionsTableViewCell.swift */; };
		9EC15D412820D43B002D8525 /* IGFeedPostGeneralTableViewCell.swift in Sources */ = {isa = PBXBuildFile; fileRef = 9EC15D402820D43B002D8525 /* IGFeedPostGeneralTableViewCell.swift */; };
		9EC15D432820DE2F002D8525 /* FormTableViewCell.swift in Sources */ = {isa = PBXBuildFile; fileRef = 9EC15D422820DE2F002D8525 /* FormTableViewCell.swift */; };
		9EC15D462820E2E2002D8525 /* PhotoCollectionViewCell.swift in Sources */ = {isa = PBXBuildFile; fileRef = 9EC15D452820E2E2002D8525 /* PhotoCollectionViewCell.swift */; };
		9EC15D482820E315002D8525 /* ProfileInfoHeaderCollectionReusableView.swift in Sources */ = {isa = PBXBuildFile; fileRef = 9EC15D472820E315002D8525 /* ProfileInfoHeaderCollectionReusableView.swift */; };
		9EC15D4A2820E334002D8525 /* ProfileTabsCollectionReusableView.swift in Sources */ = {isa = PBXBuildFile; fileRef = 9EC15D492820E334002D8525 /* ProfileTabsCollectionReusableView.swift */; };
		9EC15D4C2820FCF6002D8525 /* Models.swift in Sources */ = {isa = PBXBuildFile; fileRef = 9EC15D4B2820FCF6002D8525 /* Models.swift */; };
		9EC15D4E28212949002D8525 /* UserFollowTableViewCell.swift in Sources */ = {isa = PBXBuildFile; fileRef = 9EC15D4D28212949002D8525 /* UserFollowTableViewCell.swift */; };
		9EC15D502821312A002D8525 /* NoNotificationsView.swift in Sources */ = {isa = PBXBuildFile; fileRef = 9EC15D4F2821312A002D8525 /* NoNotificationsView.swift */; };
		9EC15D532821347C002D8525 /* NotificationFollowEventTableViewCell.swift in Sources */ = {isa = PBXBuildFile; fileRef = 9EC15D522821347C002D8525 /* NotificationFollowEventTableViewCell.swift */; };
		9EC15D552821348B002D8525 /* NotificationLikeEventTableViewCell.swift in Sources */ = {isa = PBXBuildFile; fileRef = 9EC15D542821348B002D8525 /* NotificationLikeEventTableViewCell.swift */; };
		9EDB501D2820918F0085BF55 /* AppDelegate.swift in Sources */ = {isa = PBXBuildFile; fileRef = 9EDB501C2820918F0085BF55 /* AppDelegate.swift */; };
		9EDB501F2820918F0085BF55 /* SceneDelegate.swift in Sources */ = {isa = PBXBuildFile; fileRef = 9EDB501E2820918F0085BF55 /* SceneDelegate.swift */; };
		9EDB50212820918F0085BF55 /* HomeViewController.swift in Sources */ = {isa = PBXBuildFile; fileRef = 9EDB50202820918F0085BF55 /* HomeViewController.swift */; };
		9EDB50242820918F0085BF55 /* Main.storyboard in Resources */ = {isa = PBXBuildFile; fileRef = 9EDB50222820918F0085BF55 /* Main.storyboard */; };
		9EDB5026282091940085BF55 /* Assets.xcassets in Resources */ = {isa = PBXBuildFile; fileRef = 9EDB5025282091940085BF55 /* Assets.xcassets */; };
		9EDB5029282091940085BF55 /* LaunchScreen.storyboard in Resources */ = {isa = PBXBuildFile; fileRef = 9EDB5027282091940085BF55 /* LaunchScreen.storyboard */; };
		9EDB50362820929F0085BF55 /* ExploreViewController.swift in Sources */ = {isa = PBXBuildFile; fileRef = 9EDB50352820929F0085BF55 /* ExploreViewController.swift */; };
		9EDB5038282092B60085BF55 /* CameraViewController.swift in Sources */ = {isa = PBXBuildFile; fileRef = 9EDB5037282092B60085BF55 /* CameraViewController.swift */; };
		9EDB503A282092CF0085BF55 /* NotificationsViewController.swift in Sources */ = {isa = PBXBuildFile; fileRef = 9EDB5039282092CF0085BF55 /* NotificationsViewController.swift */; };
		9EDB503C282092DB0085BF55 /* ProfileViewController.swift in Sources */ = {isa = PBXBuildFile; fileRef = 9EDB503B282092DB0085BF55 /* ProfileViewController.swift */; };
		9EDB5041282093420085BF55 /* LoginViewController.swift in Sources */ = {isa = PBXBuildFile; fileRef = 9EDB5040282093420085BF55 /* LoginViewController.swift */; };
		9EDB5043282093550085BF55 /* RegistrationViewController.swift in Sources */ = {isa = PBXBuildFile; fileRef = 9EDB5042282093550085BF55 /* RegistrationViewController.swift */; };
		9EDB5045282093720085BF55 /* PostViewController.swift in Sources */ = {isa = PBXBuildFile; fileRef = 9EDB5044282093720085BF55 /* PostViewController.swift */; };
		9EDB5047282093970085BF55 /* EditProfileViewController.swift in Sources */ = {isa = PBXBuildFile; fileRef = 9EDB5046282093970085BF55 /* EditProfileViewController.swift */; };
		9EDB5049282093AD0085BF55 /* SettingsViewController.swift in Sources */ = {isa = PBXBuildFile; fileRef = 9EDB5048282093AD0085BF55 /* SettingsViewController.swift */; };
		9EDB504B282093BB0085BF55 /* ListViewController.swift in Sources */ = {isa = PBXBuildFile; fileRef = 9EDB504A282093BB0085BF55 /* ListViewController.swift */; };
		9EDB504D282093CE0085BF55 /* SearchViewController.swift in Sources */ = {isa = PBXBuildFile; fileRef = 9EDB504C282093CE0085BF55 /* SearchViewController.swift */; };
		9EDB504F282093D90085BF55 /* SearchResultViewController.swift in Sources */ = {isa = PBXBuildFile; fileRef = 9EDB504E282093D90085BF55 /* SearchResultViewController.swift */; };
		9EDB5051282094020085BF55 /* PostEditorViewController.swift in Sources */ = {isa = PBXBuildFile; fileRef = 9EDB5050282094020085BF55 /* PostEditorViewController.swift */; };
		9EDB50532820940E0085BF55 /* PublishPostViewController.swift in Sources */ = {isa = PBXBuildFile; fileRef = 9EDB50522820940E0085BF55 /* PublishPostViewController.swift */; };
		9EDB505528209C190085BF55 /* GoogleService-Info.plist in Resources */ = {isa = PBXBuildFile; fileRef = 9EDB505428209C190085BF55 /* GoogleService-Info.plist */; };
		9EDB505828209EA40085BF55 /* DatabaseManager.swift in Sources */ = {isa = PBXBuildFile; fileRef = 9EDB505728209EA40085BF55 /* DatabaseManager.swift */; };
		9EDB505A28209F320085BF55 /* AuthManager.swift in Sources */ = {isa = PBXBuildFile; fileRef = 9EDB505928209F320085BF55 /* AuthManager.swift */; };
		9EDB505C28209F5B0085BF55 /* StorageManager.swift in Sources */ = {isa = PBXBuildFile; fileRef = 9EDB505B28209F5B0085BF55 /* StorageManager.swift */; };
		9EDB505F2820A1B40085BF55 /* Extensions.swift in Sources */ = {isa = PBXBuildFile; fileRef = 9EDB505E2820A1B40085BF55 /* Extensions.swift */; };
/* End PBXBuildFile section */

/* Begin PBXFileReference section */
		0F0493ED1BA04E23B6B41F0D /* Pods-Instagram.debug.xcconfig */ = {isa = PBXFileReference; includeInIndex = 1; lastKnownFileType = text.xcconfig; name = "Pods-Instagram.debug.xcconfig"; path = "Target Support Files/Pods-Instagram/Pods-Instagram.debug.xcconfig"; sourceTree = "<group>"; };
		9EC15D362820B676002D8525 /* Constants.swift */ = {isa = PBXFileReference; lastKnownFileType = sourcecode.swift; path = Constants.swift; sourceTree = "<group>"; };
		9EC15D392820D2E1002D8525 /* IGFeedPostTableViewCell.swift */ = {isa = PBXFileReference; lastKnownFileType = sourcecode.swift; path = IGFeedPostTableViewCell.swift; sourceTree = "<group>"; };
		9EC15D3C2820D406002D8525 /* IGFeedPostHeaderTableViewCell.swift */ = {isa = PBXFileReference; lastKnownFileType = sourcecode.swift; path = IGFeedPostHeaderTableViewCell.swift; sourceTree = "<group>"; };
		9EC15D3E2820D41E002D8525 /* IGFeedPostActionsTableViewCell.swift */ = {isa = PBXFileReference; lastKnownFileType = sourcecode.swift; path = IGFeedPostActionsTableViewCell.swift; sourceTree = "<group>"; };
		9EC15D402820D43B002D8525 /* IGFeedPostGeneralTableViewCell.swift */ = {isa = PBXFileReference; lastKnownFileType = sourcecode.swift; path = IGFeedPostGeneralTableViewCell.swift; sourceTree = "<group>"; };
		9EC15D422820DE2F002D8525 /* FormTableViewCell.swift */ = {isa = PBXFileReference; lastKnownFileType = sourcecode.swift; path = FormTableViewCell.swift; sourceTree = "<group>"; };
		9EC15D452820E2E2002D8525 /* PhotoCollectionViewCell.swift */ = {isa = PBXFileReference; lastKnownFileType = sourcecode.swift; path = PhotoCollectionViewCell.swift; sourceTree = "<group>"; };
		9EC15D472820E315002D8525 /* ProfileInfoHeaderCollectionReusableView.swift */ = {isa = PBXFileReference; lastKnownFileType = sourcecode.swift; path = ProfileInfoHeaderCollectionReusableView.swift; sourceTree = "<group>"; };
		9EC15D492820E334002D8525 /* ProfileTabsCollectionReusableView.swift */ = {isa = PBXFileReference; lastKnownFileType = sourcecode.swift; path = ProfileTabsCollectionReusableView.swift; sourceTree = "<group>"; };
		9EC15D4B2820FCF6002D8525 /* Models.swift */ = {isa = PBXFileReference; lastKnownFileType = sourcecode.swift; path = Models.swift; sourceTree = "<group>"; };
		9EC15D4D28212949002D8525 /* UserFollowTableViewCell.swift */ = {isa = PBXFileReference; lastKnownFileType = sourcecode.swift; path = UserFollowTableViewCell.swift; sourceTree = "<group>"; };
		9EC15D4F2821312A002D8525 /* NoNotificationsView.swift */ = {isa = PBXFileReference; lastKnownFileType = sourcecode.swift; path = NoNotificationsView.swift; sourceTree = "<group>"; };
		9EC15D522821347C002D8525 /* NotificationFollowEventTableViewCell.swift */ = {isa = PBXFileReference; lastKnownFileType = sourcecode.swift; path = NotificationFollowEventTableViewCell.swift; sourceTree = "<group>"; };
		9EC15D542821348B002D8525 /* NotificationLikeEventTableViewCell.swift */ = {isa = PBXFileReference; lastKnownFileType = sourcecode.swift; path = NotificationLikeEventTableViewCell.swift; sourceTree = "<group>"; };
		9EDB50192820918F0085BF55 /* Instagram.app */ = {isa = PBXFileReference; explicitFileType = wrapper.application; includeInIndex = 0; path = Instagram.app; sourceTree = BUILT_PRODUCTS_DIR; };
		9EDB501C2820918F0085BF55 /* AppDelegate.swift */ = {isa = PBXFileReference; lastKnownFileType = sourcecode.swift; path = AppDelegate.swift; sourceTree = "<group>"; };
		9EDB501E2820918F0085BF55 /* SceneDelegate.swift */ = {isa = PBXFileReference; lastKnownFileType = sourcecode.swift; path = SceneDelegate.swift; sourceTree = "<group>"; };
		9EDB50202820918F0085BF55 /* HomeViewController.swift */ = {isa = PBXFileReference; lastKnownFileType = sourcecode.swift; path = HomeViewController.swift; sourceTree = "<group>"; };
		9EDB50232820918F0085BF55 /* Base */ = {isa = PBXFileReference; lastKnownFileType = file.storyboard; name = Base; path = Base.lproj/Main.storyboard; sourceTree = "<group>"; };
		9EDB5025282091940085BF55 /* Assets.xcassets */ = {isa = PBXFileReference; lastKnownFileType = folder.assetcatalog; path = Assets.xcassets; sourceTree = "<group>"; };
		9EDB5028282091940085BF55 /* Base */ = {isa = PBXFileReference; lastKnownFileType = file.storyboard; name = Base; path = Base.lproj/LaunchScreen.storyboard; sourceTree = "<group>"; };
		9EDB502A282091940085BF55 /* Info.plist */ = {isa = PBXFileReference; lastKnownFileType = text.plist.xml; path = Info.plist; sourceTree = "<group>"; };
		9EDB50352820929F0085BF55 /* ExploreViewController.swift */ = {isa = PBXFileReference; lastKnownFileType = sourcecode.swift; path = ExploreViewController.swift; sourceTree = "<group>"; };
		9EDB5037282092B60085BF55 /* CameraViewController.swift */ = {isa = PBXFileReference; lastKnownFileType = sourcecode.swift; path = CameraViewController.swift; sourceTree = "<group>"; };
		9EDB5039282092CF0085BF55 /* NotificationsViewController.swift */ = {isa = PBXFileReference; lastKnownFileType = sourcecode.swift; path = NotificationsViewController.swift; sourceTree = "<group>"; };
		9EDB503B282092DB0085BF55 /* ProfileViewController.swift */ = {isa = PBXFileReference; lastKnownFileType = sourcecode.swift; path = ProfileViewController.swift; sourceTree = "<group>"; };
		9EDB5040282093420085BF55 /* LoginViewController.swift */ = {isa = PBXFileReference; lastKnownFileType = sourcecode.swift; path = LoginViewController.swift; sourceTree = "<group>"; };
		9EDB5042282093550085BF55 /* RegistrationViewController.swift */ = {isa = PBXFileReference; lastKnownFileType = sourcecode.swift; path = RegistrationViewController.swift; sourceTree = "<group>"; };
		9EDB5044282093720085BF55 /* PostViewController.swift */ = {isa = PBXFileReference; lastKnownFileType = sourcecode.swift; path = PostViewController.swift; sourceTree = "<group>"; };
		9EDB5046282093970085BF55 /* EditProfileViewController.swift */ = {isa = PBXFileReference; lastKnownFileType = sourcecode.swift; path = EditProfileViewController.swift; sourceTree = "<group>"; };
		9EDB5048282093AD0085BF55 /* SettingsViewController.swift */ = {isa = PBXFileReference; lastKnownFileType = sourcecode.swift; path = SettingsViewController.swift; sourceTree = "<group>"; };
		9EDB504A282093BB0085BF55 /* ListViewController.swift */ = {isa = PBXFileReference; lastKnownFileType = sourcecode.swift; path = ListViewController.swift; sourceTree = "<group>"; };
		9EDB504C282093CE0085BF55 /* SearchViewController.swift */ = {isa = PBXFileReference; lastKnownFileType = sourcecode.swift; path = SearchViewController.swift; sourceTree = "<group>"; };
		9EDB504E282093D90085BF55 /* SearchResultViewController.swift */ = {isa = PBXFileReference; lastKnownFileType = sourcecode.swift; path = SearchResultViewController.swift; sourceTree = "<group>"; };
		9EDB5050282094020085BF55 /* PostEditorViewController.swift */ = {isa = PBXFileReference; lastKnownFileType = sourcecode.swift; path = PostEditorViewController.swift; sourceTree = "<group>"; };
		9EDB50522820940E0085BF55 /* PublishPostViewController.swift */ = {isa = PBXFileReference; lastKnownFileType = sourcecode.swift; path = PublishPostViewController.swift; sourceTree = "<group>"; };
		9EDB505428209C190085BF55 /* GoogleService-Info.plist */ = {isa = PBXFileReference; fileEncoding = 4; lastKnownFileType = text.plist.xml; path = "GoogleService-Info.plist"; sourceTree = "<group>"; };
		9EDB505728209EA40085BF55 /* DatabaseManager.swift */ = {isa = PBXFileReference; lastKnownFileType = sourcecode.swift; path = DatabaseManager.swift; sourceTree = "<group>"; };
		9EDB505928209F320085BF55 /* AuthManager.swift */ = {isa = PBXFileReference; lastKnownFileType = sourcecode.swift; path = AuthManager.swift; sourceTree = "<group>"; };
		9EDB505B28209F5B0085BF55 /* StorageManager.swift */ = {isa = PBXFileReference; lastKnownFileType = sourcecode.swift; path = StorageManager.swift; sourceTree = "<group>"; };
		9EDB505E2820A1B40085BF55 /* Extensions.swift */ = {isa = PBXFileReference; lastKnownFileType = sourcecode.swift; path = Extensions.swift; sourceTree = "<group>"; };
		B705EB51DE3AAF53F69F2D05 /* Pods_Instagram.framework */ = {isa = PBXFileReference; explicitFileType = wrapper.framework; includeInIndex = 0; path = Pods_Instagram.framework; sourceTree = BUILT_PRODUCTS_DIR; };
		E3753BC511F100317C121EE3 /* Pods-Instagram.release.xcconfig */ = {isa = PBXFileReference; includeInIndex = 1; lastKnownFileType = text.xcconfig; name = "Pods-Instagram.release.xcconfig"; path = "Target Support Files/Pods-Instagram/Pods-Instagram.release.xcconfig"; sourceTree = "<group>"; };
/* End PBXFileReference section */

/* Begin PBXFrameworksBuildPhase section */
		9EDB50162820918F0085BF55 /* Frameworks */ = {
			isa = PBXFrameworksBuildPhase;
			buildActionMask = 2147483647;
			files = (
				51889815CF740C3671C1A0D5 /* Pods_Instagram.framework in Frameworks */,
			);
			runOnlyForDeploymentPostprocessing = 0;
		};
/* End PBXFrameworksBuildPhase section */

/* Begin PBXGroup section */
		5351DCD096FEC34173E3A556 /* Frameworks */ = {
			isa = PBXGroup;
			children = (
				B705EB51DE3AAF53F69F2D05 /* Pods_Instagram.framework */,
			);
			name = Frameworks;
			sourceTree = "<group>";
		};
		56BCF2E6D9E6B377CDFDE840 /* Pods */ = {
			isa = PBXGroup;
			children = (
				0F0493ED1BA04E23B6B41F0D /* Pods-Instagram.debug.xcconfig */,
				E3753BC511F100317C121EE3 /* Pods-Instagram.release.xcconfig */,
			);
			path = Pods;
			sourceTree = "<group>";
		};
		9EC15D382820D2C2002D8525 /* Cells */ = {
			isa = PBXGroup;
			children = (
				9EC15D5128213447002D8525 /* Notifications */,
				9EC15D3B2820D3D5002D8525 /* Home Feed & Post */,
				9EC15D422820DE2F002D8525 /* FormTableViewCell.swift */,
				9EC15D452820E2E2002D8525 /* PhotoCollectionViewCell.swift */,
				9EC15D4D28212949002D8525 /* UserFollowTableViewCell.swift */,
			);
			path = Cells;
			sourceTree = "<group>";
		};
		9EC15D3B2820D3D5002D8525 /* Home Feed & Post */ = {
			isa = PBXGroup;
			children = (
				9EC15D392820D2E1002D8525 /* IGFeedPostTableViewCell.swift */,
				9EC15D3C2820D406002D8525 /* IGFeedPostHeaderTableViewCell.swift */,
				9EC15D3E2820D41E002D8525 /* IGFeedPostActionsTableViewCell.swift */,
				9EC15D402820D43B002D8525 /* IGFeedPostGeneralTableViewCell.swift */,
			);
			path = "Home Feed & Post";
			sourceTree = "<group>";
		};
		9EC15D442820E2AB002D8525 /* CollectionView Headers */ = {
			isa = PBXGroup;
			children = (
				9EC15D472820E315002D8525 /* ProfileInfoHeaderCollectionReusableView.swift */,
				9EC15D492820E334002D8525 /* ProfileTabsCollectionReusableView.swift */,
			);
			path = "CollectionView Headers";
			sourceTree = "<group>";
		};
		9EC15D5128213447002D8525 /* Notifications */ = {
			isa = PBXGroup;
			children = (
				9EC15D522821347C002D8525 /* NotificationFollowEventTableViewCell.swift */,
				9EC15D542821348B002D8525 /* NotificationLikeEventTableViewCell.swift */,
			);
			path = Notifications;
			sourceTree = "<group>";
		};
		9EDB50102820918F0085BF55 = {
			isa = PBXGroup;
			children = (
				9EDB501B2820918F0085BF55 /* Instagram */,
				9EDB501A2820918F0085BF55 /* Products */,
				56BCF2E6D9E6B377CDFDE840 /* Pods */,
				5351DCD096FEC34173E3A556 /* Frameworks */,
			);
			sourceTree = "<group>";
		};
		9EDB501A2820918F0085BF55 /* Products */ = {
			isa = PBXGroup;
			children = (
				9EDB50192820918F0085BF55 /* Instagram.app */,
			);
			name = Products;
			sourceTree = "<group>";
		};
		9EDB501B2820918F0085BF55 /* Instagram */ = {
			isa = PBXGroup;
			children = (
				9EDB5033282091EA0085BF55 /* Resources */,
				9EDB5032282091E30085BF55 /* Models */,
				9EDB5031282091DD0085BF55 /* Views */,
				9EDB5030282091D30085BF55 /* Controllers */,
				9EDB502A282091940085BF55 /* Info.plist */,
			);
			path = Instagram;
			sourceTree = "<group>";
		};
		9EDB5030282091D30085BF55 /* Controllers */ = {
			isa = PBXGroup;
			children = (
				9EDB503E282093200085BF55 /* Other */,
				9EDB503D282092E50085BF55 /* Core Tabs */,
			);
			path = Controllers;
			sourceTree = "<group>";
		};
		9EDB5031282091DD0085BF55 /* Views */ = {
			isa = PBXGroup;
			children = (
				9EC15D442820E2AB002D8525 /* CollectionView Headers */,
				9EC15D382820D2C2002D8525 /* Cells */,
				9EDB5034282092210085BF55 /* Storyboard */,
				9EDB5025282091940085BF55 /* Assets.xcassets */,
				9EC15D4F2821312A002D8525 /* NoNotificationsView.swift */,
			);
			path = Views;
			sourceTree = "<group>";
		};
		9EDB5032282091E30085BF55 /* Models */ = {
			isa = PBXGroup;
			children = (
				9EC15D4B2820FCF6002D8525 /* Models.swift */,
			);
			path = Models;
			sourceTree = "<group>";
		};
		9EDB5033282091EA0085BF55 /* Resources */ = {
			isa = PBXGroup;
			children = (
				9EDB501C2820918F0085BF55 /* AppDelegate.swift */,
				9EDB501E2820918F0085BF55 /* SceneDelegate.swift */,
				9EDB505428209C190085BF55 /* GoogleService-Info.plist */,
				9EDB505728209EA40085BF55 /* DatabaseManager.swift */,
				9EDB505928209F320085BF55 /* AuthManager.swift */,
				9EDB505B28209F5B0085BF55 /* StorageManager.swift */,
				9EDB505E2820A1B40085BF55 /* Extensions.swift */,
				9EC15D362820B676002D8525 /* Constants.swift */,
			);
			path = Resources;
			sourceTree = "<group>";
		};
		9EDB5034282092210085BF55 /* Storyboard */ = {
			isa = PBXGroup;
			children = (
				9EDB50222820918F0085BF55 /* Main.storyboard */,
				9EDB5027282091940085BF55 /* LaunchScreen.storyboard */,
			);
			path = Storyboard;
			sourceTree = "<group>";
		};
		9EDB503D282092E50085BF55 /* Core Tabs */ = {
			isa = PBXGroup;
			children = (
				9EDB50202820918F0085BF55 /* HomeViewController.swift */,
				9EDB50352820929F0085BF55 /* ExploreViewController.swift */,
				9EDB5037282092B60085BF55 /* CameraViewController.swift */,
				9EDB5039282092CF0085BF55 /* NotificationsViewController.swift */,
				9EDB503B282092DB0085BF55 /* ProfileViewController.swift */,
			);
			path = "Core Tabs";
			sourceTree = "<group>";
		};
		9EDB503E282093200085BF55 /* Other */ = {
			isa = PBXGroup;
			children = (
				9EDB503F282093280085BF55 /* Onboarding */,
				9EDB505628209E2A0085BF55 /* General */,
			);
			path = Other;
			sourceTree = "<group>";
		};
		9EDB503F282093280085BF55 /* Onboarding */ = {
			isa = PBXGroup;
			children = (
				9EDB5040282093420085BF55 /* LoginViewController.swift */,
				9EDB5042282093550085BF55 /* RegistrationViewController.swift */,
			);
			path = Onboarding;
			sourceTree = "<group>";
		};
		9EDB505628209E2A0085BF55 /* General */ = {
			isa = PBXGroup;
			children = (
				9EDB5044282093720085BF55 /* PostViewController.swift */,
				9EDB5046282093970085BF55 /* EditProfileViewController.swift */,
				9EDB5048282093AD0085BF55 /* SettingsViewController.swift */,
				9EDB504A282093BB0085BF55 /* ListViewController.swift */,
				9EDB504C282093CE0085BF55 /* SearchViewController.swift */,
				9EDB504E282093D90085BF55 /* SearchResultViewController.swift */,
				9EDB5050282094020085BF55 /* PostEditorViewController.swift */,
				9EDB50522820940E0085BF55 /* PublishPostViewController.swift */,
			);
			path = General;
			sourceTree = "<group>";
		};
/* End PBXGroup section */

/* Begin PBXNativeTarget section */
		9EDB50182820918F0085BF55 /* Instagram */ = {
			isa = PBXNativeTarget;
			buildConfigurationList = 9EDB502D282091940085BF55 /* Build configuration list for PBXNativeTarget "Instagram" */;
			buildPhases = (
				B1D4EC0A670BD9DBE782EDE8 /* [CP] Check Pods Manifest.lock */,
				9EDB50152820918F0085BF55 /* Sources */,
				9EDB50162820918F0085BF55 /* Frameworks */,
				9EDB50172820918F0085BF55 /* Resources */,
				9294F171906DBC7F3611D4EF /* [CP] Embed Pods Frameworks */,
			);
			buildRules = (
			);
			dependencies = (
			);
			name = Instagram;
			productName = Instagram;
			productReference = 9EDB50192820918F0085BF55 /* Instagram.app */;
			productType = "com.apple.product-type.application";
		};
/* End PBXNativeTarget section */

/* Begin PBXProject section */
		9EDB50112820918F0085BF55 /* Project object */ = {
			isa = PBXProject;
			attributes = {
				BuildIndependentTargetsInParallel = 1;
				LastSwiftUpdateCheck = 1330;
				LastUpgradeCheck = 1330;
				TargetAttributes = {
					9EDB50182820918F0085BF55 = {
						CreatedOnToolsVersion = 13.3.1;
					};
				};
			};
			buildConfigurationList = 9EDB50142820918F0085BF55 /* Build configuration list for PBXProject "Instagram" */;
			compatibilityVersion = "Xcode 13.0";
			developmentRegion = en;
			hasScannedForEncodings = 0;
			knownRegions = (
				en,
				Base,
			);
			mainGroup = 9EDB50102820918F0085BF55;
			productRefGroup = 9EDB501A2820918F0085BF55 /* Products */;
			projectDirPath = "";
			projectRoot = "";
			targets = (
				9EDB50182820918F0085BF55 /* Instagram */,
			);
		};
/* End PBXProject section */

/* Begin PBXResourcesBuildPhase section */
		9EDB50172820918F0085BF55 /* Resources */ = {
			isa = PBXResourcesBuildPhase;
			buildActionMask = 2147483647;
			files = (
				9EDB5029282091940085BF55 /* LaunchScreen.storyboard in Resources */,
				9EDB505528209C190085BF55 /* GoogleService-Info.plist in Resources */,
				9EDB5026282091940085BF55 /* Assets.xcassets in Resources */,
				9EDB50242820918F0085BF55 /* Main.storyboard in Resources */,
			);
			runOnlyForDeploymentPostprocessing = 0;
		};
/* End PBXResourcesBuildPhase section */

/* Begin PBXShellScriptBuildPhase section */
		9294F171906DBC7F3611D4EF /* [CP] Embed Pods Frameworks */ = {
			isa = PBXShellScriptBuildPhase;
			buildActionMask = 2147483647;
			files = (
			);
			inputFileListPaths = (
				"${PODS_ROOT}/Target Support Files/Pods-Instagram/Pods-Instagram-frameworks-${CONFIGURATION}-input-files.xcfilelist",
			);
			name = "[CP] Embed Pods Frameworks";
			outputFileListPaths = (
				"${PODS_ROOT}/Target Support Files/Pods-Instagram/Pods-Instagram-frameworks-${CONFIGURATION}-output-files.xcfilelist",
			);
			runOnlyForDeploymentPostprocessing = 0;
			shellPath = /bin/sh;
			shellScript = "\"${PODS_ROOT}/Target Support Files/Pods-Instagram/Pods-Instagram-frameworks.sh\"\n";
			showEnvVarsInLog = 0;
		};
		B1D4EC0A670BD9DBE782EDE8 /* [CP] Check Pods Manifest.lock */ = {
			isa = PBXShellScriptBuildPhase;
			buildActionMask = 2147483647;
			files = (
			);
			inputFileListPaths = (
			);
			inputPaths = (
				"${PODS_PODFILE_DIR_PATH}/Podfile.lock",
				"${PODS_ROOT}/Manifest.lock",
			);
			name = "[CP] Check Pods Manifest.lock";
			outputFileListPaths = (
			);
			outputPaths = (
				"$(DERIVED_FILE_DIR)/Pods-Instagram-checkManifestLockResult.txt",
			);
			runOnlyForDeploymentPostprocessing = 0;
			shellPath = /bin/sh;
			shellScript = "diff \"${PODS_PODFILE_DIR_PATH}/Podfile.lock\" \"${PODS_ROOT}/Manifest.lock\" > /dev/null\nif [ $? != 0 ] ; then\n    # print error to STDERR\n    echo \"error: The sandbox is not in sync with the Podfile.lock. Run 'pod install' or update your CocoaPods installation.\" >&2\n    exit 1\nfi\n# This output is used by Xcode 'outputs' to avoid re-running this script phase.\necho \"SUCCESS\" > \"${SCRIPT_OUTPUT_FILE_0}\"\n";
			showEnvVarsInLog = 0;
		};
/* End PBXShellScriptBuildPhase section */

/* Begin PBXSourcesBuildPhase section */
		9EDB50152820918F0085BF55 /* Sources */ = {
			isa = PBXSourcesBuildPhase;
			buildActionMask = 2147483647;
			files = (
				9EDB5047282093970085BF55 /* EditProfileViewController.swift in Sources */,
				9EDB50362820929F0085BF55 /* ExploreViewController.swift in Sources */,
				9EDB50532820940E0085BF55 /* PublishPostViewController.swift in Sources */,
				9EDB5038282092B60085BF55 /* CameraViewController.swift in Sources */,
				9EC15D3D2820D406002D8525 /* IGFeedPostHeaderTableViewCell.swift in Sources */,
				9EDB503A282092CF0085BF55 /* NotificationsViewController.swift in Sources */,
				9EDB5043282093550085BF55 /* RegistrationViewController.swift in Sources */,
				9EDB5051282094020085BF55 /* PostEditorViewController.swift in Sources */,
				9EC15D412820D43B002D8525 /* IGFeedPostGeneralTableViewCell.swift in Sources */,
				9EDB505C28209F5B0085BF55 /* StorageManager.swift in Sources */,
				9EC15D432820DE2F002D8525 /* FormTableViewCell.swift in Sources */,
				9EC15D3A2820D2E1002D8525 /* IGFeedPostTableViewCell.swift in Sources */,
				9EDB5045282093720085BF55 /* PostViewController.swift in Sources */,
				9EC15D4E28212949002D8525 /* UserFollowTableViewCell.swift in Sources */,
				9EC15D552821348B002D8525 /* NotificationLikeEventTableViewCell.swift in Sources */,
				9EC15D532821347C002D8525 /* NotificationFollowEventTableViewCell.swift in Sources */,
				9EC15D502821312A002D8525 /* NoNotificationsView.swift in Sources */,
				9EDB505828209EA40085BF55 /* DatabaseManager.swift in Sources */,
				9EDB50212820918F0085BF55 /* HomeViewController.swift in Sources */,
				9EC15D482820E315002D8525 /* ProfileInfoHeaderCollectionReusableView.swift in Sources */,
				9EDB504F282093D90085BF55 /* SearchResultViewController.swift in Sources */,
				9EDB5041282093420085BF55 /* LoginViewController.swift in Sources */,
				9EDB505F2820A1B40085BF55 /* Extensions.swift in Sources */,
				9EC15D4A2820E334002D8525 /* ProfileTabsCollectionReusableView.swift in Sources */,
				9EDB504D282093CE0085BF55 /* SearchViewController.swift in Sources */,
				9EDB503C282092DB0085BF55 /* ProfileViewController.swift in Sources */,
				9EC15D372820B676002D8525 /* Constants.swift in Sources */,
				9EDB505A28209F320085BF55 /* AuthManager.swift in Sources */,
				9EC15D4C2820FCF6002D8525 /* Models.swift in Sources */,
				9EDB501D2820918F0085BF55 /* AppDelegate.swift in Sources */,
				9EDB501F2820918F0085BF55 /* SceneDelegate.swift in Sources */,
				9EC15D3F2820D41E002D8525 /* IGFeedPostActionsTableViewCell.swift in Sources */,
				9EC15D462820E2E2002D8525 /* PhotoCollectionViewCell.swift in Sources */,
				9EDB504B282093BB0085BF55 /* ListViewController.swift in Sources */,
				9EDB5049282093AD0085BF55 /* SettingsViewController.swift in Sources */,
			);
			runOnlyForDeploymentPostprocessing = 0;
		};
/* End PBXSourcesBuildPhase section */

/* Begin PBXVariantGroup section */
		9EDB50222820918F0085BF55 /* Main.storyboard */ = {
			isa = PBXVariantGroup;
			children = (
				9EDB50232820918F0085BF55 /* Base */,
			);
			name = Main.storyboard;
			sourceTree = "<group>";
		};
		9EDB5027282091940085BF55 /* LaunchScreen.storyboard */ = {
			isa = PBXVariantGroup;
			children = (
				9EDB5028282091940085BF55 /* Base */,
			);
			name = LaunchScreen.storyboard;
			sourceTree = "<group>";
		};
/* End PBXVariantGroup section */

/* Begin XCBuildConfiguration section */
		9EDB502B282091940085BF55 /* Debug */ = {
			isa = XCBuildConfiguration;
			buildSettings = {
				ALWAYS_SEARCH_USER_PATHS = NO;
				CLANG_ANALYZER_NONNULL = YES;
				CLANG_ANALYZER_NUMBER_OBJECT_CONVERSION = YES_AGGRESSIVE;
				CLANG_CXX_LANGUAGE_STANDARD = "gnu++17";
				CLANG_ENABLE_MODULES = YES;
				CLANG_ENABLE_OBJC_ARC = YES;
				CLANG_ENABLE_OBJC_WEAK = YES;
				CLANG_WARN_BLOCK_CAPTURE_AUTORELEASING = YES;
				CLANG_WARN_BOOL_CONVERSION = YES;
				CLANG_WARN_COMMA = YES;
				CLANG_WARN_CONSTANT_CONVERSION = YES;
				CLANG_WARN_DEPRECATED_OBJC_IMPLEMENTATIONS = YES;
				CLANG_WARN_DIRECT_OBJC_ISA_USAGE = YES_ERROR;
				CLANG_WARN_DOCUMENTATION_COMMENTS = YES;
				CLANG_WARN_EMPTY_BODY = YES;
				CLANG_WARN_ENUM_CONVERSION = YES;
				CLANG_WARN_INFINITE_RECURSION = YES;
				CLANG_WARN_INT_CONVERSION = YES;
				CLANG_WARN_NON_LITERAL_NULL_CONVERSION = YES;
				CLANG_WARN_OBJC_IMPLICIT_RETAIN_SELF = YES;
				CLANG_WARN_OBJC_LITERAL_CONVERSION = YES;
				CLANG_WARN_OBJC_ROOT_CLASS = YES_ERROR;
				CLANG_WARN_QUOTED_INCLUDE_IN_FRAMEWORK_HEADER = YES;
				CLANG_WARN_RANGE_LOOP_ANALYSIS = YES;
				CLANG_WARN_STRICT_PROTOTYPES = YES;
				CLANG_WARN_SUSPICIOUS_MOVE = YES;
				CLANG_WARN_UNGUARDED_AVAILABILITY = YES_AGGRESSIVE;
				CLANG_WARN_UNREACHABLE_CODE = YES;
				CLANG_WARN__DUPLICATE_METHOD_MATCH = YES;
				COPY_PHASE_STRIP = NO;
				DEBUG_INFORMATION_FORMAT = dwarf;
				ENABLE_STRICT_OBJC_MSGSEND = YES;
				ENABLE_TESTABILITY = YES;
				GCC_C_LANGUAGE_STANDARD = gnu11;
				GCC_DYNAMIC_NO_PIC = NO;
				GCC_NO_COMMON_BLOCKS = YES;
				GCC_OPTIMIZATION_LEVEL = 0;
				GCC_PREPROCESSOR_DEFINITIONS = (
					"DEBUG=1",
					"$(inherited)",
				);
				GCC_WARN_64_TO_32_BIT_CONVERSION = YES;
				GCC_WARN_ABOUT_RETURN_TYPE = YES_ERROR;
				GCC_WARN_UNDECLARED_SELECTOR = YES;
				GCC_WARN_UNINITIALIZED_AUTOS = YES_AGGRESSIVE;
				GCC_WARN_UNUSED_FUNCTION = YES;
				GCC_WARN_UNUSED_VARIABLE = YES;
				IPHONEOS_DEPLOYMENT_TARGET = 15.4;
				MTL_ENABLE_DEBUG_INFO = INCLUDE_SOURCE;
				MTL_FAST_MATH = YES;
				ONLY_ACTIVE_ARCH = YES;
				SDKROOT = iphoneos;
				SWIFT_ACTIVE_COMPILATION_CONDITIONS = DEBUG;
				SWIFT_OPTIMIZATION_LEVEL = "-Onone";
			};
			name = Debug;
		};
		9EDB502C282091940085BF55 /* Release */ = {
			isa = XCBuildConfiguration;
			buildSettings = {
				ALWAYS_SEARCH_USER_PATHS = NO;
				CLANG_ANALYZER_NONNULL = YES;
				CLANG_ANALYZER_NUMBER_OBJECT_CONVERSION = YES_AGGRESSIVE;
				CLANG_CXX_LANGUAGE_STANDARD = "gnu++17";
				CLANG_ENABLE_MODULES = YES;
				CLANG_ENABLE_OBJC_ARC = YES;
				CLANG_ENABLE_OBJC_WEAK = YES;
				CLANG_WARN_BLOCK_CAPTURE_AUTORELEASING = YES;
				CLANG_WARN_BOOL_CONVERSION = YES;
				CLANG_WARN_COMMA = YES;
				CLANG_WARN_CONSTANT_CONVERSION = YES;
				CLANG_WARN_DEPRECATED_OBJC_IMPLEMENTATIONS = YES;
				CLANG_WARN_DIRECT_OBJC_ISA_USAGE = YES_ERROR;
				CLANG_WARN_DOCUMENTATION_COMMENTS = YES;
				CLANG_WARN_EMPTY_BODY = YES;
				CLANG_WARN_ENUM_CONVERSION = YES;
				CLANG_WARN_INFINITE_RECURSION = YES;
				CLANG_WARN_INT_CONVERSION = YES;
				CLANG_WARN_NON_LITERAL_NULL_CONVERSION = YES;
				CLANG_WARN_OBJC_IMPLICIT_RETAIN_SELF = YES;
				CLANG_WARN_OBJC_LITERAL_CONVERSION = YES;
				CLANG_WARN_OBJC_ROOT_CLASS = YES_ERROR;
				CLANG_WARN_QUOTED_INCLUDE_IN_FRAMEWORK_HEADER = YES;
				CLANG_WARN_RANGE_LOOP_ANALYSIS = YES;
				CLANG_WARN_STRICT_PROTOTYPES = YES;
				CLANG_WARN_SUSPICIOUS_MOVE = YES;
				CLANG_WARN_UNGUARDED_AVAILABILITY = YES_AGGRESSIVE;
				CLANG_WARN_UNREACHABLE_CODE = YES;
				CLANG_WARN__DUPLICATE_METHOD_MATCH = YES;
				COPY_PHASE_STRIP = NO;
				DEBUG_INFORMATION_FORMAT = "dwarf-with-dsym";
				ENABLE_NS_ASSERTIONS = NO;
				ENABLE_STRICT_OBJC_MSGSEND = YES;
				GCC_C_LANGUAGE_STANDARD = gnu11;
				GCC_NO_COMMON_BLOCKS = YES;
				GCC_WARN_64_TO_32_BIT_CONVERSION = YES;
				GCC_WARN_ABOUT_RETURN_TYPE = YES_ERROR;
				GCC_WARN_UNDECLARED_SELECTOR = YES;
				GCC_WARN_UNINITIALIZED_AUTOS = YES_AGGRESSIVE;
				GCC_WARN_UNUSED_FUNCTION = YES;
				GCC_WARN_UNUSED_VARIABLE = YES;
				IPHONEOS_DEPLOYMENT_TARGET = 15.4;
				MTL_ENABLE_DEBUG_INFO = NO;
				MTL_FAST_MATH = YES;
				SDKROOT = iphoneos;
				SWIFT_COMPILATION_MODE = wholemodule;
				SWIFT_OPTIMIZATION_LEVEL = "-O";
				VALIDATE_PRODUCT = YES;
			};
			name = Release;
		};
		9EDB502E282091940085BF55 /* Debug */ = {
			isa = XCBuildConfiguration;
			baseConfigurationReference = 0F0493ED1BA04E23B6B41F0D /* Pods-Instagram.debug.xcconfig */;
			buildSettings = {
				ASSETCATALOG_COMPILER_APPICON_NAME = AppIcon;
				ASSETCATALOG_COMPILER_GLOBAL_ACCENT_COLOR_NAME = AccentColor;
				CODE_SIGN_STYLE = Automatic;
				CURRENT_PROJECT_VERSION = 1;
				DEVELOPMENT_TEAM = PCGV2BY5QK;
				GENERATE_INFOPLIST_FILE = YES;
				INFOPLIST_FILE = Instagram/Info.plist;
				INFOPLIST_KEY_UIApplicationSupportsIndirectInputEvents = YES;
				INFOPLIST_KEY_UILaunchStoryboardName = LaunchScreen;
				INFOPLIST_KEY_UIMainStoryboardFile = Main;
				INFOPLIST_KEY_UISupportedInterfaceOrientations = UIInterfaceOrientationPortrait;
				INFOPLIST_KEY_UISupportedInterfaceOrientations_iPad = "UIInterfaceOrientationPortrait UIInterfaceOrientationPortraitUpsideDown UIInterfaceOrientationLandscapeLeft UIInterfaceOrientationLandscapeRight";
				INFOPLIST_KEY_UISupportedInterfaceOrientations_iPhone = "UIInterfaceOrientationPortrait UIInterfaceOrientationLandscapeLeft UIInterfaceOrientationLandscapeRight";
				LD_RUNPATH_SEARCH_PATHS = (
					"$(inherited)",
					"@executable_path/Frameworks",
				);
				MARKETING_VERSION = 1.0;
				PRODUCT_BUNDLE_IDENTIFIER = com.kotsuya.Instagram;
				PRODUCT_NAME = "$(TARGET_NAME)";
				SWIFT_EMIT_LOC_STRINGS = YES;
				SWIFT_VERSION = 5.0;
				TARGETED_DEVICE_FAMILY = "1,2";
			};
			name = Debug;
		};
		9EDB502F282091940085BF55 /* Release */ = {
			isa = XCBuildConfiguration;
			baseConfigurationReference = E3753BC511F100317C121EE3 /* Pods-Instagram.release.xcconfig */;
			buildSettings = {
				ASSETCATALOG_COMPILER_APPICON_NAME = AppIcon;
				ASSETCATALOG_COMPILER_GLOBAL_ACCENT_COLOR_NAME = AccentColor;
				CODE_SIGN_STYLE = Automatic;
				CURRENT_PROJECT_VERSION = 1;
				DEVELOPMENT_TEAM = PCGV2BY5QK;
				GENERATE_INFOPLIST_FILE = YES;
				INFOPLIST_FILE = Instagram/Info.plist;
				INFOPLIST_KEY_UIApplicationSupportsIndirectInputEvents = YES;
				INFOPLIST_KEY_UILaunchStoryboardName = LaunchScreen;
				INFOPLIST_KEY_UIMainStoryboardFile = Main;
				INFOPLIST_KEY_UISupportedInterfaceOrientations = UIInterfaceOrientationPortrait;
				INFOPLIST_KEY_UISupportedInterfaceOrientations_iPad = "UIInterfaceOrientationPortrait UIInterfaceOrientationPortraitUpsideDown UIInterfaceOrientationLandscapeLeft UIInterfaceOrientationLandscapeRight";
				INFOPLIST_KEY_UISupportedInterfaceOrientations_iPhone = "UIInterfaceOrientationPortrait UIInterfaceOrientationLandscapeLeft UIInterfaceOrientationLandscapeRight";
				LD_RUNPATH_SEARCH_PATHS = (
					"$(inherited)",
					"@executable_path/Frameworks",
				);
				MARKETING_VERSION = 1.0;
				PRODUCT_BUNDLE_IDENTIFIER = com.kotsuya.Instagram;
				PRODUCT_NAME = "$(TARGET_NAME)";
				SWIFT_EMIT_LOC_STRINGS = YES;
				SWIFT_VERSION = 5.0;
				TARGETED_DEVICE_FAMILY = "1,2";
			};
			name = Release;
		};
/* End XCBuildConfiguration section */

/* Begin XCConfigurationList section */
		9EDB50142820918F0085BF55 /* Build configuration list for PBXProject "Instagram" */ = {
			isa = XCConfigurationList;
			buildConfigurations = (
				9EDB502B282091940085BF55 /* Debug */,
				9EDB502C282091940085BF55 /* Release */,
			);
			defaultConfigurationIsVisible = 0;
			defaultConfigurationName = Release;
		};
		9EDB502D282091940085BF55 /* Build configuration list for PBXNativeTarget "Instagram" */ = {
			isa = XCConfigurationList;
			buildConfigurations = (
				9EDB502E282091940085BF55 /* Debug */,
				9EDB502F282091940085BF55 /* Release */,
			);
			defaultConfigurationIsVisible = 0;
			defaultConfigurationName = Release;
		};
/* End XCConfigurationList section */
	};
	rootObject = 9EDB50112820918F0085BF55 /* Project object */;
}
